<?xml version="1.0" encoding="utf-8"?>
<Project ToolsVersion="4.0" xmlns="http://schemas.microsoft.com/developer/msbuild/2003">
  <ItemGroup>
    <ImageContentTask Include="logo_small.png" />
    <ImageContentTask Include="grass.jpg" />
    <ImageContentTask Include="white.jpg" />
    <ImageContentTask Include="..\Models\texture\TGA\BTN_Clothes_tex.tga" />
    <ImageContentTask Include="..\Models\texture\TGA\BTN_Coat_tex.tga" />
    <ImageContentTask Include="..\Models\texture\TGA\BTN_Eye_tex.tga" />
    <ImageContentTask Include="..\Models\texture\TGA\BTN_Face_tex.tga" />
    <ImageContentTask Include="..\Models\texture\TGA\BTN_Hair_shadow_tex.tga" />
    <ImageContentTask Include="..\Models\texture\TGA\BTN_Hair_tex.tga" />
    <ImageContentTask Include="..\Models\texture\TGA\BTN_Hyojo_tex.png" />
    <ImageContentTask Include="..\Models\texture\TGA\BTN_Metal_tex.tga" />
    <ImageContentTask Include="..\Models\texture\TGA\BTN_Shoes_tex.tga" />
    <ImageContentTask Include="..\Models\texture\TGA\BTN_Skin_coatOFF_tex.tga" />
    <ImageContentTask Include="..\Models\texture\TGA\BTN_Skin_coatON_tex.tga" />
    <ImageContentTask Include="..\Models\texture\TGA\S_1.bmp" />
    <ImageContentTask Include="..\Models\texture\TGA\S_hur.bmp" />
    <ImageContentTask Include="..\Models\texture\TGA\S_item.bmp" />
  </ItemGroup>
</Project>