<?xml version="1.0" encoding="utf-8"?>
<Project ToolsVersion="4.0" xmlns="http://schemas.microsoft.com/developer/msbuild/2003">
  <ItemGroup>
    <ImageContentTask Include="logo_small.png" />
    <ImageContentTask Include="grass.jpg" />
    <ImageContentTask Include="white.jpg" />
    <ImageContentTask Include="..\Models\texture\TGA\BTN_Clothes_tex.tga" />
    <ImageContentTask Include="..\Models\texture\TGA\BTN_Coat_tex.tga" />
    <ImageContentTask Include="..\Models\texture\TGA\BTN_Eye_tex.tga" />
    <ImageContentTask Include="..\Models\texture\TGA\BTN_Face_tex.tga" />
    <ImageContentTask Include="..\Models\texture\TGA\BTN_Hair_shadow_tex.tga" />
    <ImageContentTask Include="..\Models\texture\TGA\BTN_Hair_tex.tga" />
    <ImageContentTask Include="..\Models\texture\TGA\BTN_Hyojo_tex.png" />
    <ImageContentTask Include="..\Models\texture\TGA\BTN_Metal_tex.tga" />
    <ImageContentTask Include="..\Models\texture\TGA\BTN_Shoes_tex.tga" />
    <ImageContentTask Include="..\Models\texture\TGA\BTN_Skin_coatOFF_tex.tga" />
    <ImageContentTask Include="..\Models\texture\TGA\BTN_Skin_coatON_tex.tga" />
    <ImageContentTask Include="..\Models\texture\TGA\S_1.bmp" />
    <ImageContentTask Include="..\Models\texture\TGA\S_hur.bmp" />
    <ImageContentTask Include="..\Models\texture\TGA\S_item.bmp" />
    <ImageContentTask Include="..\Models\TexturesCom_Scifi_Panel_1K_albedo.tif" />
    <ImageContentTask Include="..\Models\TexturesCom_SciFiPanels04_1K_albedo.tif" />
    <ImageContentTask Include="Material.001_Base_Color.png" />
    <ImageContentTask Include="Material.001_Metallic.png" />
    <ImageContentTask Include="Material.001_Mixed_AO.png" />
    <ImageContentTask Include="Material.001_Normal_DirectX.png" />
    <ImageContentTask Include="Material.001_Roughness.png" />
    <ImageContentTask Include="Shuriken star\Material_Base_Color.png" />
    <ImageContentTask Include="Shuriken star\Material_Metallic.png" />
    <ImageContentTask Include="Shuriken star\Material_Mixed_AO.png" />
    <ImageContentTask Include="Shuriken star\Material_Normal_DirectX.png" />
    <ImageContentTask Include="Shuriken star\Material_Roughness.png" />
    <ImageContentTask Include="pm0725_13_BodyA1.tga.png" />
    <ImageContentTask Include="pm0725_13_BodyANor.tga.png" />
    <ImageContentTask Include="pm0725_13_BodyB1.tga.png" />
    <ImageContentTask Include="pm0725_13_BodyBNor.tga.png" />
    <ImageContentTask Include="pm0725_13_BodyC3.tga.png" />
    <ImageContentTask Include="pm0725_13_BodyCEnv.tga.png" />
    <ImageContentTask Include="pm0725_13_BodyCNor.tga.png" />
    <ImageContentTask Include="pm0725_13_Eye1.tga.png" />
    <ImageContentTask Include="pm0725_13_EyeNor.tga.png" />
    <ImageContentTask Include="Crosshair.png" />
    <ImageContentTask Include="Box-wood_NOR.png" />
    <ImageContentTask Include="Box-wood_TEX.png" />
  </ItemGroup>
</Project>