<?xml version="1.0" encoding="utf-8"?>
<Project ToolsVersion="4.0" xmlns="http://schemas.microsoft.com/developer/msbuild/2003">
  <ItemGroup>
    <ImageContentTask Include="logo_small.png" />
    <ImageContentTask Include="grass.jpg" />
    <ImageContentTask Include="white.jpg" />
    <ImageContentTask Include="..\Models\test\TGA\BTN_Hyojo_tex.png" />
    <ImageContentTask Include="..\Models\test\TGA\BTN_Clothes_tex.tga" />
    <ImageContentTask Include="..\Models\test\TGA\BTN_Coat_tex.tga" />
    <ImageContentTask Include="..\Models\test\TGA\BTN_Eye_tex.tga" />
    <ImageContentTask Include="..\Models\test\TGA\BTN_Face_tex.tga" />
    <ImageContentTask Include="..\Models\test\TGA\BTN_Hair_shadow_tex.tga" />
    <ImageContentTask Include="..\Models\test\TGA\BTN_Hair_tex.tga" />
    <ImageContentTask Include="..\Models\test\TGA\BTN_Metal_tex.tga" />
    <ImageContentTask Include="..\Models\test\TGA\BTN_Shoes_tex.tga" />
    <ImageContentTask Include="..\Models\test\TGA\BTN_Skin_coatOFF_tex.tga" />
    <ImageContentTask Include="..\Models\test\TGA\BTN_Skin_coatON_tex.tga" />
    <ImageContentTask Include="..\Models\test\TGA\S_1.bmp" />
    <ImageContentTask Include="..\Models\test\TGA\S_hur.bmp" />
    <ImageContentTask Include="..\Models\test\TGA\S_item.bmp" />
    <ImageContentTask Include="..\Models\test\textures\mainMat_diffuse.png" />
    <ImageContentTask Include="..\Models\test\textures\mainMat_metal.png" />
    <ImageContentTask Include="..\Models\test\textures\mainMat_nrm.png" />
    <ImageContentTask Include="..\Models\test\textures\mainMat_rough.png" />
    <ImageContentTask Include="..\Models\test\textures\auxielieryMat_diffuse.png" />
    <ImageContentTask Include="..\Models\test\textures\auxielieryMat_metal.png" />
    <ImageContentTask Include="..\Models\test\textures\auxielieryMat_nrm.png" />
    <ImageContentTask Include="..\Models\test\textures\auxielieryMat_rough.png" />
    <ImageContentTask Include="..\Models\test\Acc_C.png" />
    <ImageContentTask Include="..\Models\test\Eye_C.png" />
    <ImageContentTask Include="..\Models\test\Face_C.png" />
    <ImageContentTask Include="..\Models\test\Fuku_C.png" />
    <ImageContentTask Include="..\Models\test\Hair_C.png" />
    <ImageContentTask Include="..\Models\test\Morph.png" />
    <ImageContentTask Include="..\Models\test\Skin_C.png" />
    <ImageContentTask Include="..\Models\test\Texture+\Skin_Cplus.png" />
  </ItemGroup>
</Project>